<?xml version="1.0" encoding="utf-8"?>
<Project ToolsVersion="4.0" xmlns="http://schemas.microsoft.com/developer/msbuild/2003">
  <ItemGroup>
    <Filter Include="Source Files">
      <UniqueIdentifier>{4FC737F1-C7A5-4376-A066-2A32D752A2FF}</UniqueIdentifier>
      <Extensions>cpp;c;cc;cxx;def;odl;idl;hpj;bat;asm;asmx</Extensions>
    </Filter>
    <Filter Include="Header Files">
      <UniqueIdentifier>{93995380-89BD-4b04-88EB-625FBE52EBFB}</UniqueIdentifier>
      <Extensions>h;hh;hpp;hxx;hm;inl;inc;ipp;xsd</Extensions>
    </Filter>
    <Filter Include="Source Files\Input File">
      <UniqueIdentifier>{8d7a2551-2151-419b-8f8a-d7658cdf2b4a}</UniqueIdentifier>
    </Filter>
    <Filter Include="Source Files\Ouput Files">
      <UniqueIdentifier>{f4bc9878-4a47-47dc-8ded-188fc31d5860}</UniqueIdentifier>
    </Filter>
  </ItemGroup>
  <ItemGroup>
    <ClInclude Include="pch.h">
      <Filter>Header Files</Filter>
    </ClInclude>
    <ClInclude Include="SM_Algorithm.h">
      <Filter>Header Files</Filter>
    </ClInclude>
    <ClInclude Include="FileEater.h">
      <Filter>Header Files</Filter>
    </ClInclude>
    <ClInclude Include="CrossWord.h">
      <Filter>Header Files</Filter>
    </ClInclude>
    <ClInclude Include="Board.h">
      <Filter>Header Files</Filter>
    </ClInclude>
  </ItemGroup>
  <ItemGroup>
    <ClCompile Include="SM_Algorithm.cpp">
      <Filter>Source Files</Filter>
    </ClCompile>
    <ClCompile Include="FileEater.cpp">
      <Filter>Source Files</Filter>
    </ClCompile>
    <ClCompile Include="CrossWord.cpp">
      <Filter>Source Files</Filter>
    </ClCompile>
    <ClCompile Include="Board.cpp">
      <Filter>Source Files</Filter>
    </ClCompile>
    <ClCompile Include="main.cpp">
      <Filter>Source Files</Filter>
    </ClCompile>
  </ItemGroup>
  <ItemGroup>
    <Text Include="input10x10.txt">
      <Filter>Source Files\Input File</Filter>
    </Text>
    <Text Include="input25x25.txt">
      <Filter>Source Files\Input File</Filter>
    </Text>
    <Text Include="input50x50.txt">
      <Filter>Source Files\Input File</Filter>
    </Text>
    <Text Include="input75x75.txt">
      <Filter>Source Files\Input File</Filter>
    </Text>
    <Text Include="input100x100.txt">
      <Filter>Source Files\Input File</Filter>
    </Text>
    <Text Include="output.txt">
      <Filter>Source Files\Ouput Files</Filter>
    </Text>
  </ItemGroup>
</Project>